{
  "name": "poedat-schema-validation",
  "lockfileVersion": 2,
  "requires": true,
  "packages": {
    "": {
      "dependencies": {
        "pathofexile-dat": "^7.0.1"
      },
      "devDependencies": {
        "@types/node": "^18.14.6"
      }
    },
    "node_modules/@sindresorhus/fnv1a": {
      "version": "3.0.0",
      "resolved": "https://registry.npmjs.org/@sindresorhus/fnv1a/-/fnv1a-3.0.0.tgz",
      "integrity": "sha512-M6pmbdZqAryzjZ4ELAzrdCMoMZk5lH/fshKrapfSeXdf2W+GDqZvPmfXaNTZp43//FVbSwkTPwpEMnehSyskkQ==",
      "engines": {
        "node": "^12.20.0 || ^14.13.1 || >=16.0.0"
      },
      "funding": {
        "url": "https://github.com/sponsors/sindresorhus"
      }
    },
    "node_modules/@types/node": {
      "version": "18.14.6",
      "resolved": "https://registry.npmjs.org/@types/node/-/node-18.14.6.tgz",
      "integrity": "sha512-93+VvleD3mXwlLI/xASjw0FzKcwzl3OdTCzm1LaRfqgS21gfFtK3zDXM5Op9TeeMsJVOaJ2VRDpT9q4Y3d0AvA==",
      "dev": true
    },
    "node_modules/ooz-wasm": {
      "version": "1.0.1",
      "resolved": "https://registry.npmjs.org/ooz-wasm/-/ooz-wasm-1.0.1.tgz",
      "integrity": "sha512-YprakwWwn4flT9NU/ipBw/ajQwq6Z+sdPy3DsuUKSpdXkfFEI8WWaLC/SvzAKacKwyOrbkzR5oKeKYOvM8oRaw=="
    },
    "node_modules/pathofexile-dat": {
      "version": "7.0.1",
      "resolved": "https://registry.npmjs.org/pathofexile-dat/-/pathofexile-dat-7.0.1.tgz",
      "integrity": "sha512-2cQNe6PrND9EVYxi80lh/8xpnjbAkX/rTxq5o5Ifu8dSsoW8XwS9OHZTir0w9j8q74mvw/K13L/3xVYeiCzzsA==",
      "dependencies": {
        "@sindresorhus/fnv1a": "^3.0.0",
        "ooz-wasm": "^1.0.0",
        "pathofexile-dat-schema": "^3.0.0"
      },
      "bin": {
        "pathofexile-dat": "dist/cli/run.js"
      },
      "engines": {
        "node": ">=18.0.0"
      }
    },
    "node_modules/pathofexile-dat-schema": {
      "version": "3.0.0",
      "resolved": "https://registry.npmjs.org/pathofexile-dat-schema/-/pathofexile-dat-schema-3.0.0.tgz",
      "integrity": "sha512-j9Fg0SCHZMVN4Qke3S4f2d7HqBshFdUT/nvUQgQ3GcbMseeuS7dm+l84WbzHCZcZSSHPIwHttMYq5GsUurM74Q=="
    }
  },
  "dependencies": {
    "@sindresorhus/fnv1a": {
      "version": "3.0.0",
      "resolved": "https://registry.npmjs.org/@sindresorhus/fnv1a/-/fnv1a-3.0.0.tgz",
      "integrity": "sha512-M6pmbdZqAryzjZ4ELAzrdCMoMZk5lH/fshKrapfSeXdf2W+GDqZvPmfXaNTZp43//FVbSwkTPwpEMnehSyskkQ=="
    },
    "@types/node": {
      "version": "18.14.6",
      "resolved": "https://registry.npmjs.org/@types/node/-/node-18.14.6.tgz",
      "integrity": "sha512-93+VvleD3mXwlLI/xASjw0FzKcwzl3OdTCzm1LaRfqgS21gfFtK3zDXM5Op9TeeMsJVOaJ2VRDpT9q4Y3d0AvA==",
      "dev": true
    },
    "ooz-wasm": {
      "version": "1.0.1",
      "resolved": "https://registry.npmjs.org/ooz-wasm/-/ooz-wasm-1.0.1.tgz",
      "integrity": "sha512-YprakwWwn4flT9NU/ipBw/ajQwq6Z+sdPy3DsuUKSpdXkfFEI8WWaLC/SvzAKacKwyOrbkzR5oKeKYOvM8oRaw=="
    },
    "pathofexile-dat": {
      "version": "7.0.1",
      "resolved": "https://registry.npmjs.org/pathofexile-dat/-/pathofexile-dat-7.0.1.tgz",
      "integrity": "sha512-2cQNe6PrND9EVYxi80lh/8xpnjbAkX/rTxq5o5Ifu8dSsoW8XwS9OHZTir0w9j8q74mvw/K13L/3xVYeiCzzsA==",
      "requires": {
        "@sindresorhus/fnv1a": "^3.0.0",
        "ooz-wasm": "^1.0.0",
        "pathofexile-dat-schema": "^3.0.0"
      }
    },
    "pathofexile-dat-schema": {
      "version": "3.0.0",
      "resolved": "https://registry.npmjs.org/pathofexile-dat-schema/-/pathofexile-dat-schema-3.0.0.tgz",
      "integrity": "sha512-j9Fg0SCHZMVN4Qke3S4f2d7HqBshFdUT/nvUQgQ3GcbMseeuS7dm+l84WbzHCZcZSSHPIwHttMYq5GsUurM74Q=="
    }
  }
}
